// !$*UTF8*$!
{
	archiveVersion = 1;
	classes = {
	};
	objectVersion = 51;
	objects = {

/* Begin PBXBuildFile section */
		85DE98632547EA1A0034A09C /* AppDelegate.swift in Sources */ = {isa = PBXBuildFile; fileRef = 85DE98622547EA1A0034A09C /* AppDelegate.swift */; };
		85DE98652547EA1A0034A09C /* SceneDelegate.swift in Sources */ = {isa = PBXBuildFile; fileRef = 85DE98642547EA1A0034A09C /* SceneDelegate.swift */; };
		85DE98672547EA1A0034A09C /* ViewController.swift in Sources */ = {isa = PBXBuildFile; fileRef = 85DE98662547EA1A0034A09C /* ViewController.swift */; };
		85DE986A2547EA1A0034A09C /* Main.storyboard in Resources */ = {isa = PBXBuildFile; fileRef = 85DE98682547EA1A0034A09C /* Main.storyboard */; };
		85DE986C2547EA1C0034A09C /* Assets.xcassets in Resources */ = {isa = PBXBuildFile; fileRef = 85DE986B2547EA1C0034A09C /* Assets.xcassets */; };
		85DE986F2547EA1C0034A09C /* LaunchScreen.storyboard in Resources */ = {isa = PBXBuildFile; fileRef = 85DE986D2547EA1C0034A09C /* LaunchScreen.storyboard */; };
		85DE987A2547EA1C0034A09C /* PopperTests.swift in Sources */ = {isa = PBXBuildFile; fileRef = 85DE98792547EA1C0034A09C /* PopperTests.swift */; };
		85DE98852547EA1C0034A09C /* PopperUITests.swift in Sources */ = {isa = PBXBuildFile; fileRef = 85DE98842547EA1C0034A09C /* PopperUITests.swift */; };
		85EECB112547EAFB0011B973 /* PopperViewController.swift in Sources */ = {isa = PBXBuildFile; fileRef = 85EECB102547EAFB0011B973 /* PopperViewController.swift */; };
		8FD2F2D74F3F407F1981735D /* Pods_Popper_PopperUITests.framework in Frameworks */ = {isa = PBXBuildFile; fileRef = 4EE8158555B1CA364BF0AD0A /* Pods_Popper_PopperUITests.framework */; };
		91A7F4968B9191BF4D6E40E5 /* Pods_PopperTests.framework in Frameworks */ = {isa = PBXBuildFile; fileRef = C4373519A271B1C98B420E14 /* Pods_PopperTests.framework */; };
		FCCC4C942B47C9A644E5EB46 /* Pods_Popper.framework in Frameworks */ = {isa = PBXBuildFile; fileRef = 9B4BDB5E5FE9B7EF4E5A1CD7 /* Pods_Popper.framework */; };
/* End PBXBuildFile section */

/* Begin PBXContainerItemProxy section */
		85DE98762547EA1C0034A09C /* PBXContainerItemProxy */ = {
			isa = PBXContainerItemProxy;
			containerPortal = 85DE98572547EA1A0034A09C /* Project object */;
			proxyType = 1;
			remoteGlobalIDString = 85DE985E2547EA1A0034A09C;
			remoteInfo = Popper;
		};
		85DE98812547EA1C0034A09C /* PBXContainerItemProxy */ = {
			isa = PBXContainerItemProxy;
			containerPortal = 85DE98572547EA1A0034A09C /* Project object */;
			proxyType = 1;
			remoteGlobalIDString = 85DE985E2547EA1A0034A09C;
			remoteInfo = Popper;
		};
/* End PBXContainerItemProxy section */

/* Begin PBXFileReference section */
		34208609566398E480E9CDB8 /* Pods-PopperTests.debug.xcconfig */ = {isa = PBXFileReference; includeInIndex = 1; lastKnownFileType = text.xcconfig; name = "Pods-PopperTests.debug.xcconfig"; path = "Target Support Files/Pods-PopperTests/Pods-PopperTests.debug.xcconfig"; sourceTree = "<group>"; };
		4EE8158555B1CA364BF0AD0A /* Pods_Popper_PopperUITests.framework */ = {isa = PBXFileReference; explicitFileType = wrapper.framework; includeInIndex = 0; path = Pods_Popper_PopperUITests.framework; sourceTree = BUILT_PRODUCTS_DIR; };
		6330C7F067AB82447E6216DF /* Pods-Popper.release.xcconfig */ = {isa = PBXFileReference; includeInIndex = 1; lastKnownFileType = text.xcconfig; name = "Pods-Popper.release.xcconfig"; path = "Target Support Files/Pods-Popper/Pods-Popper.release.xcconfig"; sourceTree = "<group>"; };
		64AF23A108D302B08922AC19 /* Pods-PopperTests.release.xcconfig */ = {isa = PBXFileReference; includeInIndex = 1; lastKnownFileType = text.xcconfig; name = "Pods-PopperTests.release.xcconfig"; path = "Target Support Files/Pods-PopperTests/Pods-PopperTests.release.xcconfig"; sourceTree = "<group>"; };
		85DE985F2547EA1A0034A09C /* Popper.app */ = {isa = PBXFileReference; explicitFileType = wrapper.application; includeInIndex = 0; path = Popper.app; sourceTree = BUILT_PRODUCTS_DIR; };
		85DE98622547EA1A0034A09C /* AppDelegate.swift */ = {isa = PBXFileReference; lastKnownFileType = sourcecode.swift; path = AppDelegate.swift; sourceTree = "<group>"; };
		85DE98642547EA1A0034A09C /* SceneDelegate.swift */ = {isa = PBXFileReference; lastKnownFileType = sourcecode.swift; path = SceneDelegate.swift; sourceTree = "<group>"; };
		85DE98662547EA1A0034A09C /* ViewController.swift */ = {isa = PBXFileReference; lastKnownFileType = sourcecode.swift; path = ViewController.swift; sourceTree = "<group>"; };
		85DE98692547EA1A0034A09C /* Base */ = {isa = PBXFileReference; lastKnownFileType = file.storyboard; name = Base; path = Base.lproj/Main.storyboard; sourceTree = "<group>"; };
		85DE986B2547EA1C0034A09C /* Assets.xcassets */ = {isa = PBXFileReference; lastKnownFileType = folder.assetcatalog; path = Assets.xcassets; sourceTree = "<group>"; };
		85DE986E2547EA1C0034A09C /* Base */ = {isa = PBXFileReference; lastKnownFileType = file.storyboard; name = Base; path = Base.lproj/LaunchScreen.storyboard; sourceTree = "<group>"; };
		85DE98702547EA1C0034A09C /* Info.plist */ = {isa = PBXFileReference; lastKnownFileType = text.plist.xml; path = Info.plist; sourceTree = "<group>"; };
		85DE98752547EA1C0034A09C /* PopperTests.xctest */ = {isa = PBXFileReference; explicitFileType = wrapper.cfbundle; includeInIndex = 0; path = PopperTests.xctest; sourceTree = BUILT_PRODUCTS_DIR; };
		85DE98792547EA1C0034A09C /* PopperTests.swift */ = {isa = PBXFileReference; lastKnownFileType = sourcecode.swift; path = PopperTests.swift; sourceTree = "<group>"; };
		85DE987B2547EA1C0034A09C /* Info.plist */ = {isa = PBXFileReference; lastKnownFileType = text.plist.xml; path = Info.plist; sourceTree = "<group>"; };
		85DE98802547EA1C0034A09C /* PopperUITests.xctest */ = {isa = PBXFileReference; explicitFileType = wrapper.cfbundle; includeInIndex = 0; path = PopperUITests.xctest; sourceTree = BUILT_PRODUCTS_DIR; };
		85DE98842547EA1C0034A09C /* PopperUITests.swift */ = {isa = PBXFileReference; lastKnownFileType = sourcecode.swift; path = PopperUITests.swift; sourceTree = "<group>"; };
		85DE98862547EA1C0034A09C /* Info.plist */ = {isa = PBXFileReference; lastKnownFileType = text.plist.xml; path = Info.plist; sourceTree = "<group>"; };
		85EECB102547EAFB0011B973 /* PopperViewController.swift */ = {isa = PBXFileReference; lastKnownFileType = sourcecode.swift; path = PopperViewController.swift; sourceTree = "<group>"; };
		8D98B0E14F56E73DF83FA792 /* Pods-Popper-PopperUITests.debug.xcconfig */ = {isa = PBXFileReference; includeInIndex = 1; lastKnownFileType = text.xcconfig; name = "Pods-Popper-PopperUITests.debug.xcconfig"; path = "Target Support Files/Pods-Popper-PopperUITests/Pods-Popper-PopperUITests.debug.xcconfig"; sourceTree = "<group>"; };
		9B4BDB5E5FE9B7EF4E5A1CD7 /* Pods_Popper.framework */ = {isa = PBXFileReference; explicitFileType = wrapper.framework; includeInIndex = 0; path = Pods_Popper.framework; sourceTree = BUILT_PRODUCTS_DIR; };
		AC7FE137AA66EC8E9158AED0 /* Pods-Popper-PopperUITests.release.xcconfig */ = {isa = PBXFileReference; includeInIndex = 1; lastKnownFileType = text.xcconfig; name = "Pods-Popper-PopperUITests.release.xcconfig"; path = "Target Support Files/Pods-Popper-PopperUITests/Pods-Popper-PopperUITests.release.xcconfig"; sourceTree = "<group>"; };
		B6DEF6C7FA287C0E64682D44 /* Pods-Popper.debug.xcconfig */ = {isa = PBXFileReference; includeInIndex = 1; lastKnownFileType = text.xcconfig; name = "Pods-Popper.debug.xcconfig"; path = "Target Support Files/Pods-Popper/Pods-Popper.debug.xcconfig"; sourceTree = "<group>"; };
		C4373519A271B1C98B420E14 /* Pods_PopperTests.framework */ = {isa = PBXFileReference; explicitFileType = wrapper.framework; includeInIndex = 0; path = Pods_PopperTests.framework; sourceTree = BUILT_PRODUCTS_DIR; };
/* End PBXFileReference section */

/* Begin PBXFrameworksBuildPhase section */
		85DE985C2547EA1A0034A09C /* Frameworks */ = {
			isa = PBXFrameworksBuildPhase;
			buildActionMask = 2147483647;
			files = (
				FCCC4C942B47C9A644E5EB46 /* Pods_Popper.framework in Frameworks */,
			);
			runOnlyForDeploymentPostprocessing = 0;
		};
		85DE98722547EA1C0034A09C /* Frameworks */ = {
			isa = PBXFrameworksBuildPhase;
			buildActionMask = 2147483647;
			files = (
				91A7F4968B9191BF4D6E40E5 /* Pods_PopperTests.framework in Frameworks */,
			);
			runOnlyForDeploymentPostprocessing = 0;
		};
		85DE987D2547EA1C0034A09C /* Frameworks */ = {
			isa = PBXFrameworksBuildPhase;
			buildActionMask = 2147483647;
			files = (
				8FD2F2D74F3F407F1981735D /* Pods_Popper_PopperUITests.framework in Frameworks */,
			);
			runOnlyForDeploymentPostprocessing = 0;
		};
/* End PBXFrameworksBuildPhase section */

/* Begin PBXGroup section */
		6B29231CB7FCBD99C52557A2 /* Frameworks */ = {
			isa = PBXGroup;
			children = (
				9B4BDB5E5FE9B7EF4E5A1CD7 /* Pods_Popper.framework */,
				4EE8158555B1CA364BF0AD0A /* Pods_Popper_PopperUITests.framework */,
				C4373519A271B1C98B420E14 /* Pods_PopperTests.framework */,
			);
			name = Frameworks;
			sourceTree = "<group>";
		};
		85DE98562547EA1A0034A09C = {
			isa = PBXGroup;
			children = (
				85DE98612547EA1A0034A09C /* Popper */,
				85DE98782547EA1C0034A09C /* PopperTests */,
				85DE98832547EA1C0034A09C /* PopperUITests */,
				85DE98602547EA1A0034A09C /* Products */,
				990CE834DEA8DDA4A653D071 /* Pods */,
				6B29231CB7FCBD99C52557A2 /* Frameworks */,
			);
			sourceTree = "<group>";
		};
		85DE98602547EA1A0034A09C /* Products */ = {
			isa = PBXGroup;
			children = (
				85DE985F2547EA1A0034A09C /* Popper.app */,
				85DE98752547EA1C0034A09C /* PopperTests.xctest */,
				85DE98802547EA1C0034A09C /* PopperUITests.xctest */,
			);
			name = Products;
			sourceTree = "<group>";
		};
		85DE98612547EA1A0034A09C /* Popper */ = {
			isa = PBXGroup;
			children = (
				85DE98622547EA1A0034A09C /* AppDelegate.swift */,
				85DE98642547EA1A0034A09C /* SceneDelegate.swift */,
				85DE98662547EA1A0034A09C /* ViewController.swift */,
				85DE98682547EA1A0034A09C /* Main.storyboard */,
				85DE986B2547EA1C0034A09C /* Assets.xcassets */,
				85DE986D2547EA1C0034A09C /* LaunchScreen.storyboard */,
				85DE98702547EA1C0034A09C /* Info.plist */,
				85EECB102547EAFB0011B973 /* PopperViewController.swift */,
			);
			path = Popper;
			sourceTree = "<group>";
		};
		85DE98782547EA1C0034A09C /* PopperTests */ = {
			isa = PBXGroup;
			children = (
				85DE98792547EA1C0034A09C /* PopperTests.swift */,
				85DE987B2547EA1C0034A09C /* Info.plist */,
			);
			path = PopperTests;
			sourceTree = "<group>";
		};
		85DE98832547EA1C0034A09C /* PopperUITests */ = {
			isa = PBXGroup;
			children = (
				85DE98842547EA1C0034A09C /* PopperUITests.swift */,
				85DE98862547EA1C0034A09C /* Info.plist */,
			);
			path = PopperUITests;
			sourceTree = "<group>";
		};
		990CE834DEA8DDA4A653D071 /* Pods */ = {
			isa = PBXGroup;
			children = (
				B6DEF6C7FA287C0E64682D44 /* Pods-Popper.debug.xcconfig */,
				6330C7F067AB82447E6216DF /* Pods-Popper.release.xcconfig */,
				8D98B0E14F56E73DF83FA792 /* Pods-Popper-PopperUITests.debug.xcconfig */,
				AC7FE137AA66EC8E9158AED0 /* Pods-Popper-PopperUITests.release.xcconfig */,
				34208609566398E480E9CDB8 /* Pods-PopperTests.debug.xcconfig */,
				64AF23A108D302B08922AC19 /* Pods-PopperTests.release.xcconfig */,
			);
			path = Pods;
			sourceTree = "<group>";
		};
/* End PBXGroup section */

/* Begin PBXNativeTarget section */
		85DE985E2547EA1A0034A09C /* Popper */ = {
			isa = PBXNativeTarget;
			buildConfigurationList = 85DE98892547EA1C0034A09C /* Build configuration list for PBXNativeTarget "Popper" */;
			buildPhases = (
				827CA06D0306BC15F98766CA /* [CP] Check Pods Manifest.lock */,
				85DE985B2547EA1A0034A09C /* Sources */,
				85DE985C2547EA1A0034A09C /* Frameworks */,
				85DE985D2547EA1A0034A09C /* Resources */,
				8B3A7B831D39DA0ED8A786E6 /* [CP] Embed Pods Frameworks */,
			);
			buildRules = (
			);
			dependencies = (
			);
			name = Popper;
			productName = Popper;
			productReference = 85DE985F2547EA1A0034A09C /* Popper.app */;
			productType = "com.apple.product-type.application";
		};
		85DE98742547EA1C0034A09C /* PopperTests */ = {
			isa = PBXNativeTarget;
			buildConfigurationList = 85DE988C2547EA1C0034A09C /* Build configuration list for PBXNativeTarget "PopperTests" */;
			buildPhases = (
				91D0B0EA118E6557FC276176 /* [CP] Check Pods Manifest.lock */,
				85DE98712547EA1C0034A09C /* Sources */,
				85DE98722547EA1C0034A09C /* Frameworks */,
				85DE98732547EA1C0034A09C /* Resources */,
			);
			buildRules = (
			);
			dependencies = (
				85DE98772547EA1C0034A09C /* PBXTargetDependency */,
			);
			name = PopperTests;
			productName = PopperTests;
			productReference = 85DE98752547EA1C0034A09C /* PopperTests.xctest */;
			productType = "com.apple.product-type.bundle.unit-test";
		};
		85DE987F2547EA1C0034A09C /* PopperUITests */ = {
			isa = PBXNativeTarget;
			buildConfigurationList = 85DE988F2547EA1C0034A09C /* Build configuration list for PBXNativeTarget "PopperUITests" */;
			buildPhases = (
				A17F106F85393F01070FF9FB /* [CP] Check Pods Manifest.lock */,
				85DE987C2547EA1C0034A09C /* Sources */,
				85DE987D2547EA1C0034A09C /* Frameworks */,
				85DE987E2547EA1C0034A09C /* Resources */,
				E33CC1AA68D123C6B2C7C383 /* [CP] Embed Pods Frameworks */,
			);
			buildRules = (
			);
			dependencies = (
				85DE98822547EA1C0034A09C /* PBXTargetDependency */,
			);
			name = PopperUITests;
			productName = PopperUITests;
			productReference = 85DE98802547EA1C0034A09C /* PopperUITests.xctest */;
			productType = "com.apple.product-type.bundle.ui-testing";
		};
/* End PBXNativeTarget section */

/* Begin PBXProject section */
		85DE98572547EA1A0034A09C /* Project object */ = {
			isa = PBXProject;
			attributes = {
				LastSwiftUpdateCheck = 1210;
				LastUpgradeCheck = 1210;
				TargetAttributes = {
					85DE985E2547EA1A0034A09C = {
						CreatedOnToolsVersion = 12.1;
					};
					85DE98742547EA1C0034A09C = {
						CreatedOnToolsVersion = 12.1;
						TestTargetID = 85DE985E2547EA1A0034A09C;
					};
					85DE987F2547EA1C0034A09C = {
						CreatedOnToolsVersion = 12.1;
						TestTargetID = 85DE985E2547EA1A0034A09C;
					};
				};
			};
			buildConfigurationList = 85DE985A2547EA1A0034A09C /* Build configuration list for PBXProject "Popper" */;
			compatibilityVersion = "Xcode 9.3";
			developmentRegion = en;
			hasScannedForEncodings = 0;
			knownRegions = (
				en,
				Base,
			);
			mainGroup = 85DE98562547EA1A0034A09C;
			productRefGroup = 85DE98602547EA1A0034A09C /* Products */;
			projectDirPath = "";
			projectRoot = "";
			targets = (
				85DE985E2547EA1A0034A09C /* Popper */,
				85DE98742547EA1C0034A09C /* PopperTests */,
				85DE987F2547EA1C0034A09C /* PopperUITests */,
			);
		};
/* End PBXProject section */

/* Begin PBXResourcesBuildPhase section */
		85DE985D2547EA1A0034A09C /* Resources */ = {
			isa = PBXResourcesBuildPhase;
			buildActionMask = 2147483647;
			files = (
				85DE986F2547EA1C0034A09C /* LaunchScreen.storyboard in Resources */,
				85DE986C2547EA1C0034A09C /* Assets.xcassets in Resources */,
				85DE986A2547EA1A0034A09C /* Main.storyboard in Resources */,
			);
			runOnlyForDeploymentPostprocessing = 0;
		};
		85DE98732547EA1C0034A09C /* Resources */ = {
			isa = PBXResourcesBuildPhase;
			buildActionMask = 2147483647;
			files = (
			);
			runOnlyForDeploymentPostprocessing = 0;
		};
		85DE987E2547EA1C0034A09C /* Resources */ = {
			isa = PBXResourcesBuildPhase;
			buildActionMask = 2147483647;
			files = (
			);
			runOnlyForDeploymentPostprocessing = 0;
		};
/* End PBXResourcesBuildPhase section */

/* Begin PBXShellScriptBuildPhase section */
		827CA06D0306BC15F98766CA /* [CP] Check Pods Manifest.lock */ = {
			isa = PBXShellScriptBuildPhase;
			buildActionMask = 2147483647;
			files = (
			);
			inputFileListPaths = (
			);
			inputPaths = (
				"${PODS_PODFILE_DIR_PATH}/Podfile.lock",
				"${PODS_ROOT}/Manifest.lock",
			);
			name = "[CP] Check Pods Manifest.lock";
			outputFileListPaths = (
			);
			outputPaths = (
				"$(DERIVED_FILE_DIR)/Pods-Popper-checkManifestLockResult.txt",
			);
			runOnlyForDeploymentPostprocessing = 0;
			shellPath = /bin/sh;
			shellScript = "diff \"${PODS_PODFILE_DIR_PATH}/Podfile.lock\" \"${PODS_ROOT}/Manifest.lock\" > /dev/null\nif [ $? != 0 ] ; then\n    # print error to STDERR\n    echo \"error: The sandbox is not in sync with the Podfile.lock. Run 'pod install' or update your CocoaPods installation.\" >&2\n    exit 1\nfi\n# This output is used by Xcode 'outputs' to avoid re-running this script phase.\necho \"SUCCESS\" > \"${SCRIPT_OUTPUT_FILE_0}\"\n";
			showEnvVarsInLog = 0;
		};
		8B3A7B831D39DA0ED8A786E6 /* [CP] Embed Pods Frameworks */ = {
			isa = PBXShellScriptBuildPhase;
			buildActionMask = 2147483647;
			files = (
			);
			inputFileListPaths = (
				"${PODS_ROOT}/Target Support Files/Pods-Popper/Pods-Popper-frameworks-${CONFIGURATION}-input-files.xcfilelist",
			);
			name = "[CP] Embed Pods Frameworks";
			outputFileListPaths = (
				"${PODS_ROOT}/Target Support Files/Pods-Popper/Pods-Popper-frameworks-${CONFIGURATION}-output-files.xcfilelist",
			);
			runOnlyForDeploymentPostprocessing = 0;
			shellPath = /bin/sh;
			shellScript = "\"${PODS_ROOT}/Target Support Files/Pods-Popper/Pods-Popper-frameworks.sh\"\n";
			showEnvVarsInLog = 0;
		};
		91D0B0EA118E6557FC276176 /* [CP] Check Pods Manifest.lock */ = {
			isa = PBXShellScriptBuildPhase;
			buildActionMask = 2147483647;
			files = (
			);
			inputFileListPaths = (
			);
			inputPaths = (
				"${PODS_PODFILE_DIR_PATH}/Podfile.lock",
				"${PODS_ROOT}/Manifest.lock",
			);
			name = "[CP] Check Pods Manifest.lock";
			outputFileListPaths = (
			);
			outputPaths = (
				"$(DERIVED_FILE_DIR)/Pods-PopperTests-checkManifestLockResult.txt",
			);
			runOnlyForDeploymentPostprocessing = 0;
			shellPath = /bin/sh;
			shellScript = "diff \"${PODS_PODFILE_DIR_PATH}/Podfile.lock\" \"${PODS_ROOT}/Manifest.lock\" > /dev/null\nif [ $? != 0 ] ; then\n    # print error to STDERR\n    echo \"error: The sandbox is not in sync with the Podfile.lock. Run 'pod install' or update your CocoaPods installation.\" >&2\n    exit 1\nfi\n# This output is used by Xcode 'outputs' to avoid re-running this script phase.\necho \"SUCCESS\" > \"${SCRIPT_OUTPUT_FILE_0}\"\n";
			showEnvVarsInLog = 0;
		};
		A17F106F85393F01070FF9FB /* [CP] Check Pods Manifest.lock */ = {
			isa = PBXShellScriptBuildPhase;
			buildActionMask = 2147483647;
			files = (
			);
			inputFileListPaths = (
			);
			inputPaths = (
				"${PODS_PODFILE_DIR_PATH}/Podfile.lock",
				"${PODS_ROOT}/Manifest.lock",
			);
			name = "[CP] Check Pods Manifest.lock";
			outputFileListPaths = (
			);
			outputPaths = (
				"$(DERIVED_FILE_DIR)/Pods-Popper-PopperUITests-checkManifestLockResult.txt",
			);
			runOnlyForDeploymentPostprocessing = 0;
			shellPath = /bin/sh;
			shellScript = "diff \"${PODS_PODFILE_DIR_PATH}/Podfile.lock\" \"${PODS_ROOT}/Manifest.lock\" > /dev/null\nif [ $? != 0 ] ; then\n    # print error to STDERR\n    echo \"error: The sandbox is not in sync with the Podfile.lock. Run 'pod install' or update your CocoaPods installation.\" >&2\n    exit 1\nfi\n# This output is used by Xcode 'outputs' to avoid re-running this script phase.\necho \"SUCCESS\" > \"${SCRIPT_OUTPUT_FILE_0}\"\n";
			showEnvVarsInLog = 0;
		};
		E33CC1AA68D123C6B2C7C383 /* [CP] Embed Pods Frameworks */ = {
			isa = PBXShellScriptBuildPhase;
			buildActionMask = 2147483647;
			files = (
			);
			inputFileListPaths = (
				"${PODS_ROOT}/Target Support Files/Pods-Popper-PopperUITests/Pods-Popper-PopperUITests-frameworks-${CONFIGURATION}-input-files.xcfilelist",
			);
			name = "[CP] Embed Pods Frameworks";
			outputFileListPaths = (
				"${PODS_ROOT}/Target Support Files/Pods-Popper-PopperUITests/Pods-Popper-PopperUITests-frameworks-${CONFIGURATION}-output-files.xcfilelist",
			);
			runOnlyForDeploymentPostprocessing = 0;
			shellPath = /bin/sh;
			shellScript = "\"${PODS_ROOT}/Target Support Files/Pods-Popper-PopperUITests/Pods-Popper-PopperUITests-frameworks.sh\"\n";
			showEnvVarsInLog = 0;
		};
/* End PBXShellScriptBuildPhase section */

/* Begin PBXSourcesBuildPhase section */
		85DE985B2547EA1A0034A09C /* Sources */ = {
			isa = PBXSourcesBuildPhase;
			buildActionMask = 2147483647;
			files = (
				85DE98672547EA1A0034A09C /* ViewController.swift in Sources */,
				85DE98632547EA1A0034A09C /* AppDelegate.swift in Sources */,
				85EECB112547EAFB0011B973 /* PopperViewController.swift in Sources */,
				85DE98652547EA1A0034A09C /* SceneDelegate.swift in Sources */,
			);
			runOnlyForDeploymentPostprocessing = 0;
		};
		85DE98712547EA1C0034A09C /* Sources */ = {
			isa = PBXSourcesBuildPhase;
			buildActionMask = 2147483647;
			files = (
				85DE987A2547EA1C0034A09C /* PopperTests.swift in Sources */,
			);
			runOnlyForDeploymentPostprocessing = 0;
		};
		85DE987C2547EA1C0034A09C /* Sources */ = {
			isa = PBXSourcesBuildPhase;
			buildActionMask = 2147483647;
			files = (
				85DE98852547EA1C0034A09C /* PopperUITests.swift in Sources */,
			);
			runOnlyForDeploymentPostprocessing = 0;
		};
/* End PBXSourcesBuildPhase section */

/* Begin PBXTargetDependency section */
		85DE98772547EA1C0034A09C /* PBXTargetDependency */ = {
			isa = PBXTargetDependency;
			target = 85DE985E2547EA1A0034A09C /* Popper */;
			targetProxy = 85DE98762547EA1C0034A09C /* PBXContainerItemProxy */;
		};
		85DE98822547EA1C0034A09C /* PBXTargetDependency */ = {
			isa = PBXTargetDependency;
			target = 85DE985E2547EA1A0034A09C /* Popper */;
			targetProxy = 85DE98812547EA1C0034A09C /* PBXContainerItemProxy */;
		};
/* End PBXTargetDependency section */

/* Begin PBXVariantGroup section */
		85DE98682547EA1A0034A09C /* Main.storyboard */ = {
			isa = PBXVariantGroup;
			children = (
				85DE98692547EA1A0034A09C /* Base */,
			);
			name = Main.storyboard;
			sourceTree = "<group>";
		};
		85DE986D2547EA1C0034A09C /* LaunchScreen.storyboard */ = {
			isa = PBXVariantGroup;
			children = (
				85DE986E2547EA1C0034A09C /* Base */,
			);
			name = LaunchScreen.storyboard;
			sourceTree = "<group>";
		};
/* End PBXVariantGroup section */

/* Begin XCBuildConfiguration section */
		85DE98872547EA1C0034A09C /* Debug */ = {
			isa = XCBuildConfiguration;
			buildSettings = {
				ALWAYS_SEARCH_USER_PATHS = NO;
				CLANG_ANALYZER_NONNULL = YES;
				CLANG_ANALYZER_NUMBER_OBJECT_CONVERSION = YES_AGGRESSIVE;
				CLANG_CXX_LANGUAGE_STANDARD = "gnu++14";
				CLANG_CXX_LIBRARY = "libc++";
				CLANG_ENABLE_MODULES = YES;
				CLANG_ENABLE_OBJC_ARC = YES;
				CLANG_ENABLE_OBJC_WEAK = YES;
				CLANG_WARN_BLOCK_CAPTURE_AUTORELEASING = YES;
				CLANG_WARN_BOOL_CONVERSION = YES;
				CLANG_WARN_COMMA = YES;
				CLANG_WARN_CONSTANT_CONVERSION = YES;
				CLANG_WARN_DEPRECATED_OBJC_IMPLEMENTATIONS = YES;
				CLANG_WARN_DIRECT_OBJC_ISA_USAGE = YES_ERROR;
				CLANG_WARN_DOCUMENTATION_COMMENTS = YES;
				CLANG_WARN_EMPTY_BODY = YES;
				CLANG_WARN_ENUM_CONVERSION = YES;
				CLANG_WARN_INFINITE_RECURSION = YES;
				CLANG_WARN_INT_CONVERSION = YES;
				CLANG_WARN_NON_LITERAL_NULL_CONVERSION = YES;
				CLANG_WARN_OBJC_IMPLICIT_RETAIN_SELF = YES;
				CLANG_WARN_OBJC_LITERAL_CONVERSION = YES;
				CLANG_WARN_OBJC_ROOT_CLASS = YES_ERROR;
				CLANG_WARN_QUOTED_INCLUDE_IN_FRAMEWORK_HEADER = YES;
				CLANG_WARN_RANGE_LOOP_ANALYSIS = YES;
				CLANG_WARN_STRICT_PROTOTYPES = YES;
				CLANG_WARN_SUSPICIOUS_MOVE = YES;
				CLANG_WARN_UNGUARDED_AVAILABILITY = YES_AGGRESSIVE;
				CLANG_WARN_UNREACHABLE_CODE = YES;
				CLANG_WARN__DUPLICATE_METHOD_MATCH = YES;
				COPY_PHASE_STRIP = NO;
				DEBUG_INFORMATION_FORMAT = dwarf;
				ENABLE_STRICT_OBJC_MSGSEND = YES;
				ENABLE_TESTABILITY = YES;
				GCC_C_LANGUAGE_STANDARD = gnu11;
				GCC_DYNAMIC_NO_PIC = NO;
				GCC_NO_COMMON_BLOCKS = YES;
				GCC_OPTIMIZATION_LEVEL = 0;
				GCC_PREPROCESSOR_DEFINITIONS = (
					"DEBUG=1",
					"$(inherited)",
				);
				GCC_WARN_64_TO_32_BIT_CONVERSION = YES;
				GCC_WARN_ABOUT_RETURN_TYPE = YES_ERROR;
				GCC_WARN_UNDECLARED_SELECTOR = YES;
				GCC_WARN_UNINITIALIZED_AUTOS = YES_AGGRESSIVE;
				GCC_WARN_UNUSED_FUNCTION = YES;
				GCC_WARN_UNUSED_VARIABLE = YES;
				IPHONEOS_DEPLOYMENT_TARGET = 14.1;
				MTL_ENABLE_DEBUG_INFO = INCLUDE_SOURCE;
				MTL_FAST_MATH = YES;
				ONLY_ACTIVE_ARCH = YES;
				SDKROOT = iphoneos;
				SWIFT_ACTIVE_COMPILATION_CONDITIONS = DEBUG;
				SWIFT_OPTIMIZATION_LEVEL = "-Onone";
			};
			name = Debug;
		};
		85DE98882547EA1C0034A09C /* Release */ = {
			isa = XCBuildConfiguration;
			buildSettings = {
				ALWAYS_SEARCH_USER_PATHS = NO;
				CLANG_ANALYZER_NONNULL = YES;
				CLANG_ANALYZER_NUMBER_OBJECT_CONVERSION = YES_AGGRESSIVE;
				CLANG_CXX_LANGUAGE_STANDARD = "gnu++14";
				CLANG_CXX_LIBRARY = "libc++";
				CLANG_ENABLE_MODULES = YES;
				CLANG_ENABLE_OBJC_ARC = YES;
				CLANG_ENABLE_OBJC_WEAK = YES;
				CLANG_WARN_BLOCK_CAPTURE_AUTORELEASING = YES;
				CLANG_WARN_BOOL_CONVERSION = YES;
				CLANG_WARN_COMMA = YES;
				CLANG_WARN_CONSTANT_CONVERSION = YES;
				CLANG_WARN_DEPRECATED_OBJC_IMPLEMENTATIONS = YES;
				CLANG_WARN_DIRECT_OBJC_ISA_USAGE = YES_ERROR;
				CLANG_WARN_DOCUMENTATION_COMMENTS = YES;
				CLANG_WARN_EMPTY_BODY = YES;
				CLANG_WARN_ENUM_CONVERSION = YES;
				CLANG_WARN_INFINITE_RECURSION = YES;
				CLANG_WARN_INT_CONVERSION = YES;
				CLANG_WARN_NON_LITERAL_NULL_CONVERSION = YES;
				CLANG_WARN_OBJC_IMPLICIT_RETAIN_SELF = YES;
				CLANG_WARN_OBJC_LITERAL_CONVERSION = YES;
				CLANG_WARN_OBJC_ROOT_CLASS = YES_ERROR;
				CLANG_WARN_QUOTED_INCLUDE_IN_FRAMEWORK_HEADER = YES;
				CLANG_WARN_RANGE_LOOP_ANALYSIS = YES;
				CLANG_WARN_STRICT_PROTOTYPES = YES;
				CLANG_WARN_SUSPICIOUS_MOVE = YES;
				CLANG_WARN_UNGUARDED_AVAILABILITY = YES_AGGRESSIVE;
				CLANG_WARN_UNREACHABLE_CODE = YES;
				CLANG_WARN__DUPLICATE_METHOD_MATCH = YES;
				COPY_PHASE_STRIP = NO;
				DEBUG_INFORMATION_FORMAT = "dwarf-with-dsym";
				ENABLE_NS_ASSERTIONS = NO;
				ENABLE_STRICT_OBJC_MSGSEND = YES;
				GCC_C_LANGUAGE_STANDARD = gnu11;
				GCC_NO_COMMON_BLOCKS = YES;
				GCC_WARN_64_TO_32_BIT_CONVERSION = YES;
				GCC_WARN_ABOUT_RETURN_TYPE = YES_ERROR;
				GCC_WARN_UNDECLARED_SELECTOR = YES;
				GCC_WARN_UNINITIALIZED_AUTOS = YES_AGGRESSIVE;
				GCC_WARN_UNUSED_FUNCTION = YES;
				GCC_WARN_UNUSED_VARIABLE = YES;
				IPHONEOS_DEPLOYMENT_TARGET = 14.1;
				MTL_ENABLE_DEBUG_INFO = NO;
				MTL_FAST_MATH = YES;
				SDKROOT = iphoneos;
				SWIFT_COMPILATION_MODE = wholemodule;
				SWIFT_OPTIMIZATION_LEVEL = "-O";
				VALIDATE_PRODUCT = YES;
			};
			name = Release;
		};
		85DE988A2547EA1C0034A09C /* Debug */ = {
			isa = XCBuildConfiguration;
			baseConfigurationReference = B6DEF6C7FA287C0E64682D44 /* Pods-Popper.debug.xcconfig */;
			buildSettings = {
				ASSETCATALOG_COMPILER_APPICON_NAME = AppIcon;
				ASSETCATALOG_COMPILER_GLOBAL_ACCENT_COLOR_NAME = AccentColor;
				CODE_SIGN_STYLE = Automatic;
				DEVELOPMENT_TEAM = R436CGJFHT;
				INFOPLIST_FILE = Popper/Info.plist;
				LD_RUNPATH_SEARCH_PATHS = (
					"$(inherited)",
					"@executable_path/Frameworks",
				);
				PRODUCT_BUNDLE_IDENTIFIER = com.poornajay.Popper;
				PRODUCT_NAME = "$(TARGET_NAME)";
				SWIFT_VERSION = 5.0;
				TARGETED_DEVICE_FAMILY = "1,2";
			};
			name = Debug;
		};
		85DE988B2547EA1C0034A09C /* Release */ = {
			isa = XCBuildConfiguration;
			baseConfigurationReference = 6330C7F067AB82447E6216DF /* Pods-Popper.release.xcconfig */;
			buildSettings = {
				ASSETCATALOG_COMPILER_APPICON_NAME = AppIcon;
				ASSETCATALOG_COMPILER_GLOBAL_ACCENT_COLOR_NAME = AccentColor;
				CODE_SIGN_STYLE = Automatic;
				DEVELOPMENT_TEAM = R436CGJFHT;
				INFOPLIST_FILE = Popper/Info.plist;
				LD_RUNPATH_SEARCH_PATHS = (
					"$(inherited)",
					"@executable_path/Frameworks",
				);
				PRODUCT_BUNDLE_IDENTIFIER = com.poornajay.Popper;
				PRODUCT_NAME = "$(TARGET_NAME)";
				SWIFT_VERSION = 5.0;
				TARGETED_DEVICE_FAMILY = "1,2";
			};
			name = Release;
		};
		85DE988D2547EA1C0034A09C /* Debug */ = {
			isa = XCBuildConfiguration;
			baseConfigurationReference = 34208609566398E480E9CDB8 /* Pods-PopperTests.debug.xcconfig */;
			buildSettings = {
				ALWAYS_EMBED_SWIFT_STANDARD_LIBRARIES = YES;
				BUNDLE_LOADER = "$(TEST_HOST)";
				CODE_SIGN_STYLE = Automatic;
				DEVELOPMENT_TEAM = R436CGJFHT;
				INFOPLIST_FILE = PopperTests/Info.plist;
				IPHONEOS_DEPLOYMENT_TARGET = 14.1;
				LD_RUNPATH_SEARCH_PATHS = (
					"$(inherited)",
					"@executable_path/Frameworks",
					"@loader_path/Frameworks",
				);
				PRODUCT_BUNDLE_IDENTIFIER = com.poornajay.PopperTests;
				PRODUCT_NAME = "$(TARGET_NAME)";
				SWIFT_VERSION = 5.0;
				TARGETED_DEVICE_FAMILY = "1,2";
				TEST_HOST = "$(BUILT_PRODUCTS_DIR)/Popper.app/Popper";
			};
			name = Debug;
		};
		85DE988E2547EA1C0034A09C /* Release */ = {
			isa = XCBuildConfiguration;
			baseConfigurationReference = 64AF23A108D302B08922AC19 /* Pods-PopperTests.release.xcconfig */;
			buildSettings = {
				ALWAYS_EMBED_SWIFT_STANDARD_LIBRARIES = YES;
				BUNDLE_LOADER = "$(TEST_HOST)";
				CODE_SIGN_STYLE = Automatic;
				DEVELOPMENT_TEAM = R436CGJFHT;
				INFOPLIST_FILE = PopperTests/Info.plist;
				IPHONEOS_DEPLOYMENT_TARGET = 14.1;
				LD_RUNPATH_SEARCH_PATHS = (
					"$(inherited)",
					"@executable_path/Frameworks",
					"@loader_path/Frameworks",
				);
				PRODUCT_BUNDLE_IDENTIFIER = com.poornajay.PopperTests;
				PRODUCT_NAME = "$(TARGET_NAME)";
				SWIFT_VERSION = 5.0;
				TARGETED_DEVICE_FAMILY = "1,2";
				TEST_HOST = "$(BUILT_PRODUCTS_DIR)/Popper.app/Popper";
			};
			name = Release;
		};
		85DE98902547EA1C0034A09C /* Debug */ = {
			isa = XCBuildConfiguration;
			baseConfigurationReference = 8D98B0E14F56E73DF83FA792 /* Pods-Popper-PopperUITests.debug.xcconfig */;
			buildSettings = {
				ALWAYS_EMBED_SWIFT_STANDARD_LIBRARIES = YES;
				CODE_SIGN_STYLE = Automatic;
				DEVELOPMENT_TEAM = R436CGJFHT;
				INFOPLIST_FILE = PopperUITests/Info.plist;
				LD_RUNPATH_SEARCH_PATHS = (
					"$(inherited)",
					"@executable_path/Frameworks",
					"@loader_path/Frameworks",
				);
				PRODUCT_BUNDLE_IDENTIFIER = com.poornajay.PopperUITests;
				PRODUCT_NAME = "$(TARGET_NAME)";
				SWIFT_VERSION = 5.0;
				TARGETED_DEVICE_FAMILY = "1,2";
				TEST_TARGET_NAME = Popper;
			};
			name = Debug;
		};
		85DE98912547EA1C0034A09C /* Release */ = {
			isa = XCBuildConfiguration;
			baseConfigurationReference = AC7FE137AA66EC8E9158AED0 /* Pods-Popper-PopperUITests.release.xcconfig */;
			buildSettings = {
				ALWAYS_EMBED_SWIFT_STANDARD_LIBRARIES = YES;
				CODE_SIGN_STYLE = Automatic;
				DEVELOPMENT_TEAM = R436CGJFHT;
				INFOPLIST_FILE = PopperUITests/Info.plist;
				LD_RUNPATH_SEARCH_PATHS = (
					"$(inherited)",
					"@executable_path/Frameworks",
					"@loader_path/Frameworks",
				);
				PRODUCT_BUNDLE_IDENTIFIER = com.poornajay.PopperUITests;
				PRODUCT_NAME = "$(TARGET_NAME)";
				SWIFT_VERSION = 5.0;
				TARGETED_DEVICE_FAMILY = "1,2";
				TEST_TARGET_NAME = Popper;
			};
			name = Release;
		};
/* End XCBuildConfiguration section */

/* Begin XCConfigurationList section */
		85DE985A2547EA1A0034A09C /* Build configuration list for PBXProject "Popper" */ = {
			isa = XCConfigurationList;
			buildConfigurations = (
				85DE98872547EA1C0034A09C /* Debug */,
				85DE98882547EA1C0034A09C /* Release */,
			);
			defaultConfigurationIsVisible = 0;
			defaultConfigurationName = Release;
		};
		85DE98892547EA1C0034A09C /* Build configuration list for PBXNativeTarget "Popper" */ = {
			isa = XCConfigurationList;
			buildConfigurations = (
				85DE988A2547EA1C0034A09C /* Debug */,
				85DE988B2547EA1C0034A09C /* Release */,
			);
			defaultConfigurationIsVisible = 0;
			defaultConfigurationName = Release;
		};
		85DE988C2547EA1C0034A09C /* Build configuration list for PBXNativeTarget "PopperTests" */ = {
			isa = XCConfigurationList;
			buildConfigurations = (
				85DE988D2547EA1C0034A09C /* Debug */,
				85DE988E2547EA1C0034A09C /* Release */,
			);
			defaultConfigurationIsVisible = 0;
			defaultConfigurationName = Release;
		};
		85DE988F2547EA1C0034A09C /* Build configuration list for PBXNativeTarget "PopperUITests" */ = {
			isa = XCConfigurationList;
			buildConfigurations = (
				85DE98902547EA1C0034A09C /* Debug */,
				85DE98912547EA1C0034A09C /* Release */,
			);
			defaultConfigurationIsVisible = 0;
			defaultConfigurationName = Release;
		};
/* End XCConfigurationList section */
	};
	rootObject = 85DE98572547EA1A0034A09C /* Project object */;
}
